18256148859544518548
cista 32e52a0082e89986bb86afad513654fa6a6c1412
zlib 1e1dfdedddb54a2e2cb8fec3b67f925233c495aa
boost c90d53bdcd7ff741a416ae122b33c9c2a96e8be7
cereal 5afa46f98d1c22627777c3f9d048fffe3f9763dc
expat b8c26c40f1900899b95c795705e0252fc0c1350c
googletest 34a46558609e05865c197f0260ab36daa7cbbb6e
guess 5acaeaacca154bd20987806f9626be5e3b87e1c5
libosmium e35f4f63facbc87a0a5bf388bce19e6c4ed1dca7
protozero 8c9f3fa97c2cfdceef86d0b61818ae98e9328f29
Catch2 e5c9a58d66ff0780e956b5447573af9d6b9b2ca3
fmt c68ab4be8f3cb0e5c6eb181b3f419622e15e02bd
utl 6d7c7fd4e6167a1232bb5f7affcda9003e657ecf
address-typeahead 9b33a191c05ee3f489492ea9a89253eaa26b91d4
conf 71febe940c0715ea69aa0c9980e08d31c5c946b8
context 797dd16e2b5e959997ddcd5bdeac4f80931169b6
ctx aec268c603d5d2fde734c4cea83445369b835a1d
res 7d97784ba785ce8a2677ea77164040fde484fb04
date 38d0b684c7fc3796b2c7f887c7dde8d6493b062f
flatbuffers eb7e032bd86dec31cfe417e5b9296af10a222a41
doctest be2e8545eb0b33227b4e7bd0361f1cc89549262c
geo 8d1b88eb5529154e50c5e0edf6adeaf9ff2af158
lmdb 9bd01f14f549d8202413c4cd5f49b066b0a22b66
mimalloc 076f815cece59e0a0ee08237c8fbba75465452b6
miniz 1edbdece9d71dc65c6ff405572ee37cbdcef7af4
libressl 502ef24e637b026290d641528c4fa82267033d36
net 0e635db330364eb121899cd1e124ed20cc2210f6
lua 7bb93325b26f84c7e8b51fcbd857361ce7605a1d
luabind 9223568bbcf818ecfb1001d49f567627ee10852a
tbb 5ce3e80d2b8262bf853c20a8fbaadeee3119eef5
osrm-backend 9aa492376a664304d8209513230bb43258367108
cpptoml 2133029ec819e8398e96fa679993b269f21ff9f2
rapidjson e4a599d2b5dec065b1ea2af5d8dac52baa9df5f5
ppr 0ccf7e5e950f43504dcb9f19506942209ac0f90d
protobuf 297171ade5e9bd01d823ffe8b203a5443ec03f15
pugixml 60175e80e2f5e97e027ac78f7e14c5acc009ce50
rabbitmq-c 5e6efe17f52a66da36994d1c6ae28e1280e0bc4f
zstd bce26304a57dd504ae7ae51f384bf9292d7e3acb
tar 3a08b6575eb6a04e6b3d0977e6da3b61a91d62f2
clipper 904f0e6644c7f01c176443613be8f7788d59c658
concurrentqueue ef2227ada6f76cd65e517b7a6e902964443c0ffc
pbf-sdf-fonts 91b369e4eb8a618e0a83b0c04b1b08632ea872c4
sol2 fdb0f8a60e48aa737f0a8d73edede48627f0c984
variant 3c7fc8266bb46046b42c2dc2663f9f505f0cec28
tiles e3b4199986bf0324fdd1f0c770e7f90b83de6994
