5800182487558556983
cista 251a73b51768bea0a23c538e3aa7f47648411a87
zlib fe8e13ffca867612951bc6baf114e5ac8b00f305
boost 1c3f21c1fa8b149da89e2f6bcb48b28fff30fa5e
cereal 5afa46f98d1c22627777c3f9d048fffe3f9763dc
expat b8c26c40f1900899b95c795705e0252fc0c1350c
googletest 34a46558609e05865c197f0260ab36daa7cbbb6e
guess 5acaeaacca154bd20987806f9626be5e3b87e1c5
libosmium d5cc2a02d997c2b464d37d37c3a75cd9efa23dc4
protozero 8c9f3fa97c2cfdceef86d0b61818ae98e9328f29
fmt 3503709ac2ba2a938676e6b2071f1362294e278b
utl 4c1503afe58e209977d9a1e3db6a6b271a50c521
address-typeahead b6b5e60faac2921f1c0b3813da9c11731a3ca31d
conf a32d491bd54800310a53ccba13f4ee9f6736ff3e
context 797dd16e2b5e959997ddcd5bdeac4f80931169b6
ctx d514aa0b0001596b0317abaa17a5a689dc601a55
res 7d97784ba785ce8a2677ea77164040fde484fb04
date 2d2c46a39bbf582dc663be1af926b4d58b2e0c9a
flatbuffers a2028f13ae6aafe855010b43a0c93f86e04d9717
doctest 70e8f76437b76dd5e9c0a2eb9b907df190ab71a0
geo ee76668f0f0454e4acd3c769e00c6868620e3490
lmdb 9bd01f14f549d8202413c4cd5f49b066b0a22b66
mimalloc 2a557cafb2e9e7c872358a83a63c62a7e14330b3
miniz 1edbdece9d71dc65c6ff405572ee37cbdcef7af4
libressl 39c1bf084d5c179d7bbce7ba902fffbebff0ee15
net 785b39c08212732e510305f0eef18de70f19b15e
abseil-cpp f2b3825f36e37fddd47c5c395096e9b1e99eca12
protobuf 690e03babf0963d3da9615a2dae0891777842719
unordered_dense c11595a7743d20622637584bddf77243d72ae152
wyhash 1e012b57fc2227a9e583a57e2eacb3da99816d99
nigiri 7f0c17b2d363a400cfad191795fb543d7b28b68f
rapidjson 9ece673b648b19d0f1995b82d402c9a6fc0eb277
LuaJIT babeae2c3311bed245ee86f3e35a1f244e3da60b
clipper 904f0e6644c7f01c176443613be8f7788d59c658
concurrentqueue 54fdce755d3e52c785d6d9d7d91c94615495868c
pbf-sdf-fonts 91b369e4eb8a618e0a83b0c04b1b08632ea872c4
sol2 fdb0f8a60e48aa737f0a8d73edede48627f0c984
variant 5aa73631dc969087c77433a5cdef246303051f69
tiles 64f297ea0f782d04c89e82c6d478a1dd453e5f70
rtree.c 6ed73a7dc4f1184f2b5b2acd8ac1c2b28a273057
osr 0ec618deffbc251063f76b2a29d98beab86c1cd7
luabind b5d39b6f7511930115964304a423f0e6336e0eb2
tbb b3011be5060ec1be43c76d4a8cc80d5550adb31d
osrm-backend a7fe58cf3b6a54968d1248e0b4299d49db02ff2e
cpptoml 2133029ec819e8398e96fa679993b269f21ff9f2
ppr 217585f424f6865693dd4aaa1a16f85daa574863
pugixml 60175e80e2f5e97e027ac78f7e14c5acc009ce50
rabbitmq-c 5c57cc7ebbfba2d77c4fd6adfe6644586c87b3bb
zstd bce26304a57dd504ae7ae51f384bf9292d7e3acb
tar 3a08b6575eb6a04e6b3d0977e6da3b61a91d62f2
transfers e66556443bad898ba98d418d53c96f5f03304833
OSM-binary 0be467dc07f2ee5271fb1e61c7c364dd20f29be0
cpp-statsd-client b60bc7bb930df664b4ab9573ad8bee80d29dc72d
cxxopts a68479e98d6694d4bcfc7af9fc09527888a740b6
dirent 11a4d8ab1bf5b0123f039127bc75b52b6702779e
just_gtfs 94b35eea71c09aefccf994c28ee7d373de4460e6
lz4 c4765545ebb14b0a56c663e21923166923f8280e
microtar c71afe40887ae1a187ec24cedd85c765058d9978
robin-hood-hashing bd632059ea0bb5cf444b33bdfb4eba2118300c62
spatialite 7b8cd6447ac8632bd2c6c8ff9fbc10151742ef18
valhalla bcc77cb2746e3d234a34c73bd13880c32a96e6cc
FTXUI dd6a5d371fd7a3e2937bb579955003c54b727233
utf8proc 1cb28a66ca79a0845e99433fd1056257456cef8b
tg 20c0f298b8ce58de29a790290f44dca7c4ecc364
adr f044654571cfe5dd4cdd5260b16d9907dc270644
