10405307580808047702
googletest 34a46558609e05865c197f0260ab36daa7cbbb6e
zlib fe8e13ffca867612951bc6baf114e5ac8b00f305
boost 60cae66449fa3c9599b2b7d3d5d44c65301ed3a3
libressl 39c1bf084d5c179d7bbce7ba902fffbebff0ee15
net e8a7335712c0ad94e1de30608c9d77d66cf7fb6d
cista d372b0b671be02968a16083c4bd2b7318ee6af65
res 7d97784ba785ce8a2677ea77164040fde484fb04
date 646ba5e2e76636d9e65aaa3cf32e3e3a43defa2c
fmt 09e6cf8fa61ff44509595005631f9da5d917ed3f
doctest 70e8f76437b76dd5e9c0a2eb9b907df190ab71a0
geo ee76668f0f0454e4acd3c769e00c6868620e3490
miniz 1edbdece9d71dc65c6ff405572ee37cbdcef7af4
abseil-cpp ba5240842d352b4b67a32092453a2fe5fe53a62e
protobuf d8136b9c6a62db6ce09900ecdeb82bb793096cbd
unordered_dense c11595a7743d20622637584bddf77243d72ae152
utl 80df7a6f1e2de4d290c48e9218d48eb9792b7289
wyhash 1e012b57fc2227a9e583a57e2eacb3da99816d99
nigiri 55cd64c43a1d9711306e596b5aa51f787dcf0db9
conf f9bf4bd83bf55a2170725707e526cbacc45dcc66
expat 636c9861e8e7c119f3626d1e6c260603ab624516
libosmium 6e6d6b3081cc8bdf25dda89730e25c36eb995516
mimalloc 0087f000848de31b0090cb6f282348bd2fd3a9b8
protozero 8c9f3fa97c2cfdceef86d0b61818ae98e9328f29
rapidjson e7a1ac95c7840c6f4351abead02b1f7a02874197
LuaJIT babeae2c3311bed245ee86f3e35a1f244e3da60b
clipper 904f0e6644c7f01c176443613be8f7788d59c658
concurrentqueue 54fdce755d3e52c785d6d9d7d91c94615495868c
lmdb 39d8127e5697b1323a67e61c3ad8f087384c7429
pbf-sdf-fonts 91b369e4eb8a618e0a83b0c04b1b08632ea872c4
sol2 fdb0f8a60e48aa737f0a8d73edede48627f0c984
variant 5aa73631dc969087c77433a5cdef246303051f69
tiles 64f297ea0f782d04c89e82c6d478a1dd453e5f70
rtree.c 6ed73a7dc4f1184f2b5b2acd8ac1c2b28a273057
osr 1b8a2e628e25248f6114cd84149aa24f27e3bb73
FTXUI dd6a5d371fd7a3e2937bb579955003c54b727233
tg 20c0f298b8ce58de29a790290f44dca7c4ecc364
utf8proc 779b780da3b99d123133eb99707b65c7e4324cc8
adr bef3f11a8c1642939e7047bcebf3d2f3528b23a3
